# This file is autogenerated, do not edit; changes may be undone by the next 'dep ensure'.


[[projects]]
  digest = "1:9db947bf89fe3eddb7233d5af5509f17f8eba6c60475c6dbbd22bbd14d08a015"
  name = "github.com/labstack/echo"
  packages = ["."]
  pruneopts = "UT"
  revision = "47844c9b7f83e5bf4efbe1f449bf2a155f465da8"
  version = "v4.10.2"

[[projects]]
  digest = "1:358ca6e7b38fcebbc6c0fe869a01f8131f806eec0c09bb80b155a20c102a8ebc"
  name = "github.com/labstack/gommon"
  packages = [
    "color",
    "log",
  ]
  pruneopts = "UT"
  revision = "6267eb7480ded0b4c030ca5e7320417281bb4cd6"
  version = "v0.4.0"

[[projects]]
  digest = "1:0299da337d6671be3dddddd785f2af0247675f0331679cbbe929cc9e874335b4"
  name = "github.com/mattn/go-colorable"
  packages = ["."]
  pruneopts = "UT"
  revision = "11a925cff3d38c293ddc8c05a16b504e3e2c63be"
  version = "v0.1.13"

[[projects]]
  digest = "1:6727a9111d5d5f6ce38e21211ad7e449769136f49df899523528135fcfaae0c3"
  name = "github.com/mattn/go-isatty"
  packages = ["."]
  pruneopts = "UT"
  revision = "72a590e157f100a8191f6a086e84d5f6f73da9d6"
  version = "v0.0.18"

[[projects]]
  digest = "1:c468422f334a6b46a19448ad59aaffdfc0a36b08fdcc1c749a0b29b6453d7e59"
  name = "github.com/valyala/bytebufferpool"
  packages = ["."]
  pruneopts = "UT"
  revision = "e746df99fe4a3986f4d4f79e13c1e0117ce9c2f7"
  version = "v1.0.0"

[[projects]]
  digest = "1:39cf479e5dce68ecb40775bff6cf7aff9210bcdee9fac5dc210c7f91d29caafc"
  name = "github.com/valyala/fasttemplate"
  packages = ["."]
  pruneopts = "UT"
  revision = "2a2d1afadadf9715bfa19683cdaeac8347e5d9f9"
  version = "v1.2.2"

[[projects]]
  digest = "1:4f069cb7e49920c9801ea1387be15075b5660c47bd545660c897be59ddcd00c2"
  name = "golang.org/x/crypto"
  packages = [
    "acme",
    "acme/autocert",
  ]
  pruneopts = "UT"
  revision = "a4e984136a63c90def42a9336ac6507c2f6a896d"
  version = "v0.9.0"

[[projects]]
  digest = "1:a42f035678e532c979f85a98f887a14ac5b578897cc2f67b1ae3ada217b4c18f"
  name = "golang.org/x/net"
  packages = [
    "http/httpguts",
    "http2",
    "http2/h2c",
    "http2/hpack",
    "idna",
  ]
  pruneopts = "UT"
  revision = "daac0cec0cf964a628a29bb4b82940c225b921ed"
  version = "v0.10.0"

[[projects]]
  digest = "1:9300b105cc2599a823bebd0e55739a8f794d8e5156ec5734ac29ffaae50c0948"
  name = "golang.org/x/sys"
  packages = ["unix"]
  pruneopts = "UT"
  revision = "ca59edaa5a761e1d0ea91d6c07b063f85ef24f78"
  version = "v0.8.0"

[[projects]]
  digest = "1:5056b4a210c8b8c6ad7df831701582eaa775aa773b820de5835ebda309fc2acc"
  name = "golang.org/x/text"
  packages = [
    "collate",
    "collate/build",
    "internal/colltab",
    "internal/gen",
    "internal/language",
    "internal/language/compact",
    "internal/tag",
    "internal/triegen",
    "internal/ucd",
    "language",
    "secure/bidirule",
    "transform",
    "unicode/bidi",
    "unicode/cldr",
    "unicode/norm",
    "unicode/rangetable",
  ]
  pruneopts = "UT"
  revision = "48e4a4a957429d31328a685863b594ca9a06b552"
  version = "v0.9.0"

[solve-meta]
  analyzer-name = "dep"
  analyzer-version = 1
  input-imports = ["github.com/labstack/echo"]
  solver-name = "gps-cdcl"
  solver-version = 1
